github.com/go-chi/chi/v5 v5.2.2 h1:CMwsvRVTbXVytCk1Wd72Zy1LAsAh9GxMmSNWLHCG618=
github.com/go-chi/chi/v5 v5.2.2/go.mod h1:L2yAIGWB3H+phAw1NxKwWM+7eUH/lU8pOMm5hHcoops=
github.com/gocarina/gocsv v0.0.0-20240520201108-78e41c74b4b1 h1:FWNFq4fM1wPfcK40yHE5UO3RUdSNPaBC+j3PokzA6OQ=
github.com/gocarina/gocsv v0.0.0-20240520201108-78e41c74b4b1/go.mod h1:5YoVOkjYAQumqlV356Hj3xeYh4BdZuLE0/nRkf2NKkI=
github.com/mattn/go-sqlite3 v1.14.30 h1:bVreufq3EAIG1Quvws73du3/QgdeZ3myglJlrzSYYCY=
github.com/mattn/go-sqlite3 v1.14.30/go.mod h1:Uh1q+B4BYcTPb+yiD3kU8Ct7aC0hY9fxUwlHK0RXw+Y=
github.com/smarty/assertions v1.16.0 h1:EvHNkdRA4QHMrn75NZSoUQ/mAUXAYWfatfB01yTCzfY=
github.com/smarty/assertions v1.16.0/go.mod h1:duaaFdCS0K9dnoM50iyek/eYINOZ64gbh1Xlf6LG7AI=
